// !$*UTF8*$!
{
	archiveVersion = 1;
	classes = {
	};
	objectVersion = 56;
	objects = {

/* Begin PBXBuildFile section */
		A8086FA52B6153C7007C1111 /* HomeView.swift in Sources */ = {isa = PBXBuildFile; fileRef = A8086FA42B6153C7007C1111 /* HomeView.swift */; };
		A8086FA92B615C1C007C1111 /* DirectMessageView.swift in Sources */ = {isa = PBXBuildFile; fileRef = A8086FA82B615C1C007C1111 /* DirectMessageView.swift */; };
		A8086FAB2B628AFE007C1111 /* FilterGroup.swift in Sources */ = {isa = PBXBuildFile; fileRef = A8086FAA2B628AFE007C1111 /* FilterGroup.swift */; };
		A83F82EB2B8338C3005F0F90 /* HelpCenterView.swift in Sources */ = {isa = PBXBuildFile; fileRef = A83F82EA2B8338C3005F0F90 /* HelpCenterView.swift */; };
		A83F82EE2B843507005F0F90 /* WebViewData.swift in Sources */ = {isa = PBXBuildFile; fileRef = A83F82ED2B843507005F0F90 /* WebViewData.swift */; };
		A8ABE0C82B5FAB5A0011ECBF /* PerformanceView.swift in Sources */ = {isa = PBXBuildFile; fileRef = A8ABE0C72B5FAB5A0011ECBF /* PerformanceView.swift */; };
		A8ABE0CA2B5FAD6D0011ECBF /* ProfileView.swift in Sources */ = {isa = PBXBuildFile; fileRef = A8ABE0C92B5FAD6D0011ECBF /* ProfileView.swift */; };
		A8ABE0CC2B5FAD7C0011ECBF /* SearchView.swift in Sources */ = {isa = PBXBuildFile; fileRef = A8ABE0CB2B5FAD7C0011ECBF /* SearchView.swift */; };
		A8ABE0CE2B5FAD890011ECBF /* NotificationView.swift in Sources */ = {isa = PBXBuildFile; fileRef = A8ABE0CD2B5FAD890011ECBF /* NotificationView.swift */; };
		A8ABE0D12B5FB1BD0011ECBF /* DashBoardView.swift in Sources */ = {isa = PBXBuildFile; fileRef = A8ABE0D02B5FB1BD0011ECBF /* DashBoardView.swift */; };
		A8ABE0D42B6129F30011ECBF /* README.md in Resources */ = {isa = PBXBuildFile; fileRef = A8ABE0D32B6129F30011ECBF /* README.md */; };
		A8D084C62B5DF3F600614438 /* SideMenuApp.swift in Sources */ = {isa = PBXBuildFile; fileRef = A8D084C52B5DF3F600614438 /* SideMenuApp.swift */; };
		A8D084CA2B5DF3F800614438 /* Assets.xcassets in Resources */ = {isa = PBXBuildFile; fileRef = A8D084C92B5DF3F800614438 /* Assets.xcassets */; };
		A8D084CD2B5DF3F800614438 /* Preview Assets.xcassets in Resources */ = {isa = PBXBuildFile; fileRef = A8D084CC2B5DF3F800614438 /* Preview Assets.xcassets */; };
		A8D084D42B5EB75300614438 /* SideMenuView.swift in Sources */ = {isa = PBXBuildFile; fileRef = A8D084D32B5EB75300614438 /* SideMenuView.swift */; };
		A8D084D62B5EB80900614438 /* SideMenuHeaderView.swift in Sources */ = {isa = PBXBuildFile; fileRef = A8D084D52B5EB80900614438 /* SideMenuHeaderView.swift */; };
		A8D084D82B5EBE0100614438 /* SideMenuRowView.swift in Sources */ = {isa = PBXBuildFile; fileRef = A8D084D72B5EBE0100614438 /* SideMenuRowView.swift */; };
		A8D084DA2B5EC05400614438 /* SideMenuOptionModel.swift in Sources */ = {isa = PBXBuildFile; fileRef = A8D084D92B5EC05400614438 /* SideMenuOptionModel.swift */; };
/* End PBXBuildFile section */

/* Begin PBXFileReference section */
		A8086FA42B6153C7007C1111 /* HomeView.swift */ = {isa = PBXFileReference; lastKnownFileType = sourcecode.swift; path = HomeView.swift; sourceTree = "<group>"; };
		A8086FA82B615C1C007C1111 /* DirectMessageView.swift */ = {isa = PBXFileReference; lastKnownFileType = sourcecode.swift; path = DirectMessageView.swift; sourceTree = "<group>"; };
		A8086FAA2B628AFE007C1111 /* FilterGroup.swift */ = {isa = PBXFileReference; lastKnownFileType = sourcecode.swift; path = FilterGroup.swift; sourceTree = "<group>"; };
		A83F82EA2B8338C3005F0F90 /* HelpCenterView.swift */ = {isa = PBXFileReference; lastKnownFileType = sourcecode.swift; path = HelpCenterView.swift; sourceTree = "<group>"; };
		A83F82ED2B843507005F0F90 /* WebViewData.swift */ = {isa = PBXFileReference; lastKnownFileType = sourcecode.swift; path = WebViewData.swift; sourceTree = "<group>"; };
		A8ABE0C72B5FAB5A0011ECBF /* PerformanceView.swift */ = {isa = PBXFileReference; lastKnownFileType = sourcecode.swift; path = PerformanceView.swift; sourceTree = "<group>"; };
		A8ABE0C92B5FAD6D0011ECBF /* ProfileView.swift */ = {isa = PBXFileReference; lastKnownFileType = sourcecode.swift; path = ProfileView.swift; sourceTree = "<group>"; };
		A8ABE0CB2B5FAD7C0011ECBF /* SearchView.swift */ = {isa = PBXFileReference; lastKnownFileType = sourcecode.swift; path = SearchView.swift; sourceTree = "<group>"; };
		A8ABE0CD2B5FAD890011ECBF /* NotificationView.swift */ = {isa = PBXFileReference; lastKnownFileType = sourcecode.swift; path = NotificationView.swift; sourceTree = "<group>"; };
		A8ABE0D02B5FB1BD0011ECBF /* DashBoardView.swift */ = {isa = PBXFileReference; lastKnownFileType = sourcecode.swift; path = DashBoardView.swift; sourceTree = "<group>"; };
		A8ABE0D32B6129F30011ECBF /* README.md */ = {isa = PBXFileReference; lastKnownFileType = net.daringfireball.markdown; path = README.md; sourceTree = "<group>"; };
		A8D084C22B5DF3F600614438 /* SideMenu.app */ = {isa = PBXFileReference; explicitFileType = wrapper.application; includeInIndex = 0; path = SideMenu.app; sourceTree = BUILT_PRODUCTS_DIR; };
		A8D084C52B5DF3F600614438 /* SideMenuApp.swift */ = {isa = PBXFileReference; lastKnownFileType = sourcecode.swift; path = SideMenuApp.swift; sourceTree = "<group>"; };
		A8D084C92B5DF3F800614438 /* Assets.xcassets */ = {isa = PBXFileReference; lastKnownFileType = folder.assetcatalog; path = Assets.xcassets; sourceTree = "<group>"; };
		A8D084CC2B5DF3F800614438 /* Preview Assets.xcassets */ = {isa = PBXFileReference; lastKnownFileType = folder.assetcatalog; path = "Preview Assets.xcassets"; sourceTree = "<group>"; };
		A8D084D32B5EB75300614438 /* SideMenuView.swift */ = {isa = PBXFileReference; lastKnownFileType = sourcecode.swift; path = SideMenuView.swift; sourceTree = "<group>"; };
		A8D084D52B5EB80900614438 /* SideMenuHeaderView.swift */ = {isa = PBXFileReference; lastKnownFileType = sourcecode.swift; path = SideMenuHeaderView.swift; sourceTree = "<group>"; };
		A8D084D72B5EBE0100614438 /* SideMenuRowView.swift */ = {isa = PBXFileReference; lastKnownFileType = sourcecode.swift; path = SideMenuRowView.swift; sourceTree = "<group>"; };
		A8D084D92B5EC05400614438 /* SideMenuOptionModel.swift */ = {isa = PBXFileReference; lastKnownFileType = sourcecode.swift; path = SideMenuOptionModel.swift; sourceTree = "<group>"; };
/* End PBXFileReference section */

/* Begin PBXFrameworksBuildPhase section */
		A8D084BF2B5DF3F600614438 /* Frameworks */ = {
			isa = PBXFrameworksBuildPhase;
			buildActionMask = 2147483647;
			files = (
			);
			runOnlyForDeploymentPostprocessing = 0;
		};
/* End PBXFrameworksBuildPhase section */

/* Begin PBXGroup section */
		A8086FA62B615BA2007C1111 /* ImageSource */ = {
			isa = PBXGroup;
			children = (
			);
			path = ImageSource;
			sourceTree = "<group>";
		};
		A8086FA72B615BF8007C1111 /* SubView */ = {
			isa = PBXGroup;
			children = (
				A8086FA82B615C1C007C1111 /* DirectMessageView.swift */,
				A83F82EA2B8338C3005F0F90 /* HelpCenterView.swift */,
			);
			path = SubView;
			sourceTree = "<group>";
		};
		A83F82EC2B84337B005F0F90 /* Utils */ = {
			isa = PBXGroup;
			children = (
				A83F82ED2B843507005F0F90 /* WebViewData.swift */,
			);
			path = Utils;
			sourceTree = "<group>";
		};
		A8ABE0C42B5FA4F50011ECBF /* SideMenu */ = {
			isa = PBXGroup;
			children = (
				A8D084D32B5EB75300614438 /* SideMenuView.swift */,
				A8D084D72B5EBE0100614438 /* SideMenuRowView.swift */,
				A8D084D52B5EB80900614438 /* SideMenuHeaderView.swift */,
			);
			path = SideMenu;
			sourceTree = "<group>";
		};
		A8ABE0C52B5FA5060011ECBF /* Model */ = {
			isa = PBXGroup;
			children = (
				A8D084D92B5EC05400614438 /* SideMenuOptionModel.swift */,
				A8086FAA2B628AFE007C1111 /* FilterGroup.swift */,
			);
			path = Model;
			sourceTree = "<group>";
		};
		A8ABE0C62B5FAB3A0011ECBF /* Views */ = {
			isa = PBXGroup;
			children = (
				A8086FA72B615BF8007C1111 /* SubView */,
				A8ABE0D22B6128B10011ECBF /* Core */,
				A8ABE0C42B5FA4F50011ECBF /* SideMenu */,
			);
			path = Views;
			sourceTree = "<group>";
		};
		A8ABE0D22B6128B10011ECBF /* Core */ = {
			isa = PBXGroup;
			children = (
				A8D084C52B5DF3F600614438 /* SideMenuApp.swift */,
				A8086FA42B6153C7007C1111 /* HomeView.swift */,
				A8ABE0D02B5FB1BD0011ECBF /* DashBoardView.swift */,
				A8ABE0C72B5FAB5A0011ECBF /* PerformanceView.swift */,
				A8ABE0C92B5FAD6D0011ECBF /* ProfileView.swift */,
				A8ABE0CB2B5FAD7C0011ECBF /* SearchView.swift */,
				A8ABE0CD2B5FAD890011ECBF /* NotificationView.swift */,
			);
			path = Core;
			sourceTree = "<group>";
		};
		A8D084B92B5DF3F600614438 = {
			isa = PBXGroup;
			children = (
				A8086FA62B615BA2007C1111 /* ImageSource */,
				A8D084C42B5DF3F600614438 /* SideMenu */,
				A8ABE0D32B6129F30011ECBF /* README.md */,
				A8D084C32B5DF3F600614438 /* Products */,
			);
			sourceTree = "<group>";
		};
		A8D084C32B5DF3F600614438 /* Products */ = {
			isa = PBXGroup;
			children = (
				A8D084C22B5DF3F600614438 /* SideMenu.app */,
			);
			name = Products;
			sourceTree = "<group>";
		};
		A8D084C42B5DF3F600614438 /* SideMenu */ = {
			isa = PBXGroup;
			children = (
				A83F82EC2B84337B005F0F90 /* Utils */,
				A8ABE0C52B5FA5060011ECBF /* Model */,
				A8ABE0C62B5FAB3A0011ECBF /* Views */,
				A8D084C92B5DF3F800614438 /* Assets.xcassets */,
				A8D084CB2B5DF3F800614438 /* Preview Content */,
			);
			path = SideMenu;
			sourceTree = "<group>";
		};
		A8D084CB2B5DF3F800614438 /* Preview Content */ = {
			isa = PBXGroup;
			children = (
				A8D084CC2B5DF3F800614438 /* Preview Assets.xcassets */,
			);
			path = "Preview Content";
			sourceTree = "<group>";
		};
/* End PBXGroup section */

/* Begin PBXNativeTarget section */
		A8D084C12B5DF3F600614438 /* SideMenu */ = {
			isa = PBXNativeTarget;
			buildConfigurationList = A8D084D02B5DF3F800614438 /* Build configuration list for PBXNativeTarget "SideMenu" */;
			buildPhases = (
				A8D084BE2B5DF3F600614438 /* Sources */,
				A8D084BF2B5DF3F600614438 /* Frameworks */,
				A8D084C02B5DF3F600614438 /* Resources */,
			);
			buildRules = (
			);
			dependencies = (
			);
			name = SideMenu;
			productName = SideMenu;
			productReference = A8D084C22B5DF3F600614438 /* SideMenu.app */;
			productType = "com.apple.product-type.application";
		};
/* End PBXNativeTarget section */

/* Begin PBXProject section */
		A8D084BA2B5DF3F600614438 /* Project object */ = {
			isa = PBXProject;
			attributes = {
				BuildIndependentTargetsInParallel = 1;
				LastSwiftUpdateCheck = 1520;
				LastUpgradeCheck = 1520;
				TargetAttributes = {
					A8D084C12B5DF3F600614438 = {
						CreatedOnToolsVersion = 15.2;
					};
				};
			};
			buildConfigurationList = A8D084BD2B5DF3F600614438 /* Build configuration list for PBXProject "SideMenu" */;
			compatibilityVersion = "Xcode 14.0";
			developmentRegion = en;
			hasScannedForEncodings = 0;
			knownRegions = (
				en,
				Base,
			);
			mainGroup = A8D084B92B5DF3F600614438;
			productRefGroup = A8D084C32B5DF3F600614438 /* Products */;
			projectDirPath = "";
			projectRoot = "";
			targets = (
				A8D084C12B5DF3F600614438 /* SideMenu */,
			);
		};
/* End PBXProject section */

/* Begin PBXResourcesBuildPhase section */
		A8D084C02B5DF3F600614438 /* Resources */ = {
			isa = PBXResourcesBuildPhase;
			buildActionMask = 2147483647;
			files = (
				A8ABE0D42B6129F30011ECBF /* README.md in Resources */,
				A8D084CD2B5DF3F800614438 /* Preview Assets.xcassets in Resources */,
				A8D084CA2B5DF3F800614438 /* Assets.xcassets in Resources */,
			);
			runOnlyForDeploymentPostprocessing = 0;
		};
/* End PBXResourcesBuildPhase section */

/* Begin PBXSourcesBuildPhase section */
		A8D084BE2B5DF3F600614438 /* Sources */ = {
			isa = PBXSourcesBuildPhase;
			buildActionMask = 2147483647;
			files = (
				A8ABE0CA2B5FAD6D0011ECBF /* ProfileView.swift in Sources */,
				A8086FA92B615C1C007C1111 /* DirectMessageView.swift in Sources */,
				A8ABE0CC2B5FAD7C0011ECBF /* SearchView.swift in Sources */,
				A8D084D42B5EB75300614438 /* SideMenuView.swift in Sources */,
				A8D084DA2B5EC05400614438 /* SideMenuOptionModel.swift in Sources */,
				A8086FA52B6153C7007C1111 /* HomeView.swift in Sources */,
				A8D084D62B5EB80900614438 /* SideMenuHeaderView.swift in Sources */,
				A8ABE0C82B5FAB5A0011ECBF /* PerformanceView.swift in Sources */,
				A8ABE0D12B5FB1BD0011ECBF /* DashBoardView.swift in Sources */,
				A83F82EE2B843507005F0F90 /* WebViewData.swift in Sources */,
				A8D084D82B5EBE0100614438 /* SideMenuRowView.swift in Sources */,
				A83F82EB2B8338C3005F0F90 /* HelpCenterView.swift in Sources */,
				A8086FAB2B628AFE007C1111 /* FilterGroup.swift in Sources */,
				A8D084C62B5DF3F600614438 /* SideMenuApp.swift in Sources */,
				A8ABE0CE2B5FAD890011ECBF /* NotificationView.swift in Sources */,
			);
			runOnlyForDeploymentPostprocessing = 0;
		};
/* End PBXSourcesBuildPhase section */

/* Begin XCBuildConfiguration section */
		A8D084CE2B5DF3F800614438 /* Debug */ = {
			isa = XCBuildConfiguration;
			buildSettings = {
				ALWAYS_SEARCH_USER_PATHS = NO;
				ASSETCATALOG_COMPILER_GENERATE_SWIFT_ASSET_SYMBOL_EXTENSIONS = YES;
				CLANG_ANALYZER_NONNULL = YES;
				CLANG_ANALYZER_NUMBER_OBJECT_CONVERSION = YES_AGGRESSIVE;
				CLANG_CXX_LANGUAGE_STANDARD = "gnu++20";
				CLANG_ENABLE_MODULES = YES;
				CLANG_ENABLE_OBJC_ARC = YES;
				CLANG_ENABLE_OBJC_WEAK = YES;
				CLANG_WARN_BLOCK_CAPTURE_AUTORELEASING = YES;
				CLANG_WARN_BOOL_CONVERSION = YES;
				CLANG_WARN_COMMA = YES;
				CLANG_WARN_CONSTANT_CONVERSION = YES;
				CLANG_WARN_DEPRECATED_OBJC_IMPLEMENTATIONS = YES;
				CLANG_WARN_DIRECT_OBJC_ISA_USAGE = YES_ERROR;
				CLANG_WARN_DOCUMENTATION_COMMENTS = YES;
				CLANG_WARN_EMPTY_BODY = YES;
				CLANG_WARN_ENUM_CONVERSION = YES;
				CLANG_WARN_INFINITE_RECURSION = YES;
				CLANG_WARN_INT_CONVERSION = YES;
				CLANG_WARN_NON_LITERAL_NULL_CONVERSION = YES;
				CLANG_WARN_OBJC_IMPLICIT_RETAIN_SELF = YES;
				CLANG_WARN_OBJC_LITERAL_CONVERSION = YES;
				CLANG_WARN_OBJC_ROOT_CLASS = YES_ERROR;
				CLANG_WARN_QUOTED_INCLUDE_IN_FRAMEWORK_HEADER = YES;
				CLANG_WARN_RANGE_LOOP_ANALYSIS = YES;
				CLANG_WARN_STRICT_PROTOTYPES = YES;
				CLANG_WARN_SUSPICIOUS_MOVE = YES;
				CLANG_WARN_UNGUARDED_AVAILABILITY = YES_AGGRESSIVE;
				CLANG_WARN_UNREACHABLE_CODE = YES;
				CLANG_WARN__DUPLICATE_METHOD_MATCH = YES;
				COPY_PHASE_STRIP = NO;
				DEBUG_INFORMATION_FORMAT = dwarf;
				ENABLE_STRICT_OBJC_MSGSEND = YES;
				ENABLE_TESTABILITY = YES;
				ENABLE_USER_SCRIPT_SANDBOXING = YES;
				GCC_C_LANGUAGE_STANDARD = gnu17;
				GCC_DYNAMIC_NO_PIC = NO;
				GCC_NO_COMMON_BLOCKS = YES;
				GCC_OPTIMIZATION_LEVEL = 0;
				GCC_PREPROCESSOR_DEFINITIONS = (
					"DEBUG=1",
					"$(inherited)",
				);
				GCC_WARN_64_TO_32_BIT_CONVERSION = YES;
				GCC_WARN_ABOUT_RETURN_TYPE = YES_ERROR;
				GCC_WARN_UNDECLARED_SELECTOR = YES;
				GCC_WARN_UNINITIALIZED_AUTOS = YES_AGGRESSIVE;
				GCC_WARN_UNUSED_FUNCTION = YES;
				GCC_WARN_UNUSED_VARIABLE = YES;
				IPHONEOS_DEPLOYMENT_TARGET = 17.2;
				LOCALIZATION_PREFERS_STRING_CATALOGS = YES;
				MTL_ENABLE_DEBUG_INFO = INCLUDE_SOURCE;
				MTL_FAST_MATH = YES;
				ONLY_ACTIVE_ARCH = YES;
				SDKROOT = iphoneos;
				SWIFT_ACTIVE_COMPILATION_CONDITIONS = "DEBUG $(inherited)";
				SWIFT_OPTIMIZATION_LEVEL = "-Onone";
			};
			name = Debug;
		};
		A8D084CF2B5DF3F800614438 /* Release */ = {
			isa = XCBuildConfiguration;
			buildSettings = {
				ALWAYS_SEARCH_USER_PATHS = NO;
				ASSETCATALOG_COMPILER_GENERATE_SWIFT_ASSET_SYMBOL_EXTENSIONS = YES;
				CLANG_ANALYZER_NONNULL = YES;
				CLANG_ANALYZER_NUMBER_OBJECT_CONVERSION = YES_AGGRESSIVE;
				CLANG_CXX_LANGUAGE_STANDARD = "gnu++20";
				CLANG_ENABLE_MODULES = YES;
				CLANG_ENABLE_OBJC_ARC = YES;
				CLANG_ENABLE_OBJC_WEAK = YES;
				CLANG_WARN_BLOCK_CAPTURE_AUTORELEASING = YES;
				CLANG_WARN_BOOL_CONVERSION = YES;
				CLANG_WARN_COMMA = YES;
				CLANG_WARN_CONSTANT_CONVERSION = YES;
				CLANG_WARN_DEPRECATED_OBJC_IMPLEMENTATIONS = YES;
				CLANG_WARN_DIRECT_OBJC_ISA_USAGE = YES_ERROR;
				CLANG_WARN_DOCUMENTATION_COMMENTS = YES;
				CLANG_WARN_EMPTY_BODY = YES;
				CLANG_WARN_ENUM_CONVERSION = YES;
				CLANG_WARN_INFINITE_RECURSION = YES;
				CLANG_WARN_INT_CONVERSION = YES;
				CLANG_WARN_NON_LITERAL_NULL_CONVERSION = YES;
				CLANG_WARN_OBJC_IMPLICIT_RETAIN_SELF = YES;
				CLANG_WARN_OBJC_LITERAL_CONVERSION = YES;
				CLANG_WARN_OBJC_ROOT_CLASS = YES_ERROR;
				CLANG_WARN_QUOTED_INCLUDE_IN_FRAMEWORK_HEADER = YES;
				CLANG_WARN_RANGE_LOOP_ANALYSIS = YES;
				CLANG_WARN_STRICT_PROTOTYPES = YES;
				CLANG_WARN_SUSPICIOUS_MOVE = YES;
				CLANG_WARN_UNGUARDED_AVAILABILITY = YES_AGGRESSIVE;
				CLANG_WARN_UNREACHABLE_CODE = YES;
				CLANG_WARN__DUPLICATE_METHOD_MATCH = YES;
				COPY_PHASE_STRIP = NO;
				DEBUG_INFORMATION_FORMAT = "dwarf-with-dsym";
				ENABLE_NS_ASSERTIONS = NO;
				ENABLE_STRICT_OBJC_MSGSEND = YES;
				ENABLE_USER_SCRIPT_SANDBOXING = YES;
				GCC_C_LANGUAGE_STANDARD = gnu17;
				GCC_NO_COMMON_BLOCKS = YES;
				GCC_WARN_64_TO_32_BIT_CONVERSION = YES;
				GCC_WARN_ABOUT_RETURN_TYPE = YES_ERROR;
				GCC_WARN_UNDECLARED_SELECTOR = YES;
				GCC_WARN_UNINITIALIZED_AUTOS = YES_AGGRESSIVE;
				GCC_WARN_UNUSED_FUNCTION = YES;
				GCC_WARN_UNUSED_VARIABLE = YES;
				IPHONEOS_DEPLOYMENT_TARGET = 17.2;
				LOCALIZATION_PREFERS_STRING_CATALOGS = YES;
				MTL_ENABLE_DEBUG_INFO = NO;
				MTL_FAST_MATH = YES;
				SDKROOT = iphoneos;
				SWIFT_COMPILATION_MODE = wholemodule;
				VALIDATE_PRODUCT = YES;
			};
			name = Release;
		};
		A8D084D12B5DF3F800614438 /* Debug */ = {
			isa = XCBuildConfiguration;
			buildSettings = {
				ASSETCATALOG_COMPILER_APPICON_NAME = AppIcon;
				ASSETCATALOG_COMPILER_GLOBAL_ACCENT_COLOR_NAME = AccentColor;
				CODE_SIGN_STYLE = Automatic;
				CURRENT_PROJECT_VERSION = 1;
				DEVELOPMENT_ASSET_PATHS = "\"SideMenu/Preview Content\"";
				DEVELOPMENT_TEAM = AK7S865VNK;
				ENABLE_PREVIEWS = YES;
				GENERATE_INFOPLIST_FILE = YES;
				INFOPLIST_KEY_UIApplicationSceneManifest_Generation = YES;
				INFOPLIST_KEY_UIApplicationSupportsIndirectInputEvents = YES;
				INFOPLIST_KEY_UILaunchScreen_Generation = YES;
				INFOPLIST_KEY_UISupportedInterfaceOrientations_iPad = "UIInterfaceOrientationPortrait UIInterfaceOrientationPortraitUpsideDown UIInterfaceOrientationLandscapeLeft UIInterfaceOrientationLandscapeRight";
				INFOPLIST_KEY_UISupportedInterfaceOrientations_iPhone = "UIInterfaceOrientationPortrait UIInterfaceOrientationLandscapeLeft UIInterfaceOrientationLandscapeRight";
				LD_RUNPATH_SEARCH_PATHS = (
					"$(inherited)",
					"@executable_path/Frameworks",
				);
				MARKETING_VERSION = 1.0;
				PRODUCT_BUNDLE_IDENTIFIER = G2.SideMenu;
				PRODUCT_NAME = "$(TARGET_NAME)";
				SWIFT_EMIT_LOC_STRINGS = YES;
				SWIFT_VERSION = 5.0;
				TARGETED_DEVICE_FAMILY = "1,2";
			};
			name = Debug;
		};
		A8D084D22B5DF3F800614438 /* Release */ = {
			isa = XCBuildConfiguration;
			buildSettings = {
				ASSETCATALOG_COMPILER_APPICON_NAME = AppIcon;
				ASSETCATALOG_COMPILER_GLOBAL_ACCENT_COLOR_NAME = AccentColor;
				CODE_SIGN_STYLE = Automatic;
				CURRENT_PROJECT_VERSION = 1;
				DEVELOPMENT_ASSET_PATHS = "\"SideMenu/Preview Content\"";
				DEVELOPMENT_TEAM = AK7S865VNK;
				ENABLE_PREVIEWS = YES;
				GENERATE_INFOPLIST_FILE = YES;
				INFOPLIST_KEY_UIApplicationSceneManifest_Generation = YES;
				INFOPLIST_KEY_UIApplicationSupportsIndirectInputEvents = YES;
				INFOPLIST_KEY_UILaunchScreen_Generation = YES;
				INFOPLIST_KEY_UISupportedInterfaceOrientations_iPad = "UIInterfaceOrientationPortrait UIInterfaceOrientationPortraitUpsideDown UIInterfaceOrientationLandscapeLeft UIInterfaceOrientationLandscapeRight";
				INFOPLIST_KEY_UISupportedInterfaceOrientations_iPhone = "UIInterfaceOrientationPortrait UIInterfaceOrientationLandscapeLeft UIInterfaceOrientationLandscapeRight";
				LD_RUNPATH_SEARCH_PATHS = (
					"$(inherited)",
					"@executable_path/Frameworks",
				);
				MARKETING_VERSION = 1.0;
				PRODUCT_BUNDLE_IDENTIFIER = G2.SideMenu;
				PRODUCT_NAME = "$(TARGET_NAME)";
				SWIFT_EMIT_LOC_STRINGS = YES;
				SWIFT_VERSION = 5.0;
				TARGETED_DEVICE_FAMILY = "1,2";
			};
			name = Release;
		};
/* End XCBuildConfiguration section */

/* Begin XCConfigurationList section */
		A8D084BD2B5DF3F600614438 /* Build configuration list for PBXProject "SideMenu" */ = {
			isa = XCConfigurationList;
			buildConfigurations = (
				A8D084CE2B5DF3F800614438 /* Debug */,
				A8D084CF2B5DF3F800614438 /* Release */,
			);
			defaultConfigurationIsVisible = 0;
			defaultConfigurationName = Release;
		};
		A8D084D02B5DF3F800614438 /* Build configuration list for PBXNativeTarget "SideMenu" */ = {
			isa = XCConfigurationList;
			buildConfigurations = (
				A8D084D12B5DF3F800614438 /* Debug */,
				A8D084D22B5DF3F800614438 /* Release */,
			);
			defaultConfigurationIsVisible = 0;
			defaultConfigurationName = Release;
		};
/* End XCConfigurationList section */
	};
	rootObject = A8D084BA2B5DF3F600614438 /* Project object */;
}
